
Microsoft Visual Studio Solution File, Format Version 12.00
# Visual Studio Version 17
VisualStudioVersion = 17.10.35027.167
MinimumVisualStudioVersion = 10.0.40219.1
Project("{FAE04EC0-301F-11D3-BF4B-00C04F79EFBC}") = "Subscriptions", "Sports Hub Application\Subscriptions.csproj", "{4DA7B957-19A0-4BF5-A2CE-454616D8E108}"
EndProject
Project("{FAE04EC0-301F-11D3-BF4B-00C04F79EFBC}") = "SqlConfigApp", "SqlConfigApp\SqlConfigApp.csproj", "{8C3FB1A1-6543-4193-A34C-EF9ABBFCD5A2}"
EndProject
Project("{2150E333-8FDC-42A3-9474-1A3956D46DE8}") = "Solution Items", "Solution Items", "{51266FFF-7EF1-41CC-9306-FD97D7D9AEA0}"
EndProject
Project("{54435603-DBB4-11D2-8724-00A0C9A8B90C}") = "Subscriptions Application", "Subscriptions Application\Subscriptions Application.vdproj", "{4CEC6BCE-5428-46DC-95CA-F494DD3CD9FC}"
EndProject
Global
	GlobalSection(SolutionConfigurationPlatforms) = preSolution
		Debug|Any CPU = Debug|Any CPU
		Release|Any CPU = Release|Any CPU
	EndGlobalSection
	GlobalSection(ProjectConfigurationPlatforms) = postSolution
		{4DA7B957-19A0-4BF5-A2CE-454616D8E108}.Debug|Any CPU.ActiveCfg = Debug|Any CPU
		{4DA7B957-19A0-4BF5-A2CE-454616D8E108}.Debug|Any CPU.Build.0 = Debug|Any CPU
		{4DA7B957-19A0-4BF5-A2CE-454616D8E108}.Release|Any CPU.ActiveCfg = Release|Any CPU
		{4DA7B957-19A0-4BF5-A2CE-454616D8E108}.Release|Any CPU.Build.0 = Release|Any CPU
		{8C3FB1A1-6543-4193-A34C-EF9ABBFCD5A2}.Debug|Any CPU.ActiveCfg = Debug|Any CPU
		{8C3FB1A1-6543-4193-A34C-EF9ABBFCD5A2}.Debug|Any CPU.Build.0 = Debug|Any CPU
		{8C3FB1A1-6543-4193-A34C-EF9ABBFCD5A2}.Release|Any CPU.ActiveCfg = Release|Any CPU
		{8C3FB1A1-6543-4193-A34C-EF9ABBFCD5A2}.Release|Any CPU.Build.0 = Release|Any CPU
		{4CEC6BCE-5428-46DC-95CA-F494DD3CD9FC}.Debug|Any CPU.ActiveCfg = Debug
		{4CEC6BCE-5428-46DC-95CA-F494DD3CD9FC}.Release|Any CPU.ActiveCfg = Release
	EndGlobalSection
	GlobalSection(SolutionProperties) = preSolution
		HideSolutionNode = FALSE
	EndGlobalSection
	GlobalSection(ExtensibilityGlobals) = postSolution
		SolutionGuid = {D160FE0B-44CA-4B58-9C81-CBB774488FA8}
	EndGlobalSection
EndGlobal
